
Microsoft Visual Studio Solution File, Format Version 12.00
# Visual Studio Version 17
VisualStudioVersion = 17.11.35312.102
MinimumVisualStudioVersion = 10.0.40219.1
Project("{9A19103F-16F7-4668-BE54-9A1E7A4F7556}") = "correctionJ2", "correctionJ2\correctionJ2.csproj", "{8506CEDA-22DB-4DA4-9967-686835FBEC38}"
EndProject
Project("{FAE04EC0-301F-11D3-BF4B-00C04F79EFBC}") = "UnitTestFilms", "UnitTestFilms\UnitTestFilms.csproj", "{67D04E5A-ED16-47DC-AA43-D14E325761C8}"
EndProject
Global
	GlobalSection(SolutionConfigurationPlatforms) = preSolution
		Debug|Any CPU = Debug|Any CPU
		Release|Any CPU = Release|Any CPU
	EndGlobalSection
	GlobalSection(ProjectConfigurationPlatforms) = postSolution
		{8506CEDA-22DB-4DA4-9967-686835FBEC38}.Debug|Any CPU.ActiveCfg = Debug|Any CPU
		{8506CEDA-22DB-4DA4-9967-686835FBEC38}.Debug|Any CPU.Build.0 = Debug|Any CPU
		{8506CEDA-22DB-4DA4-9967-686835FBEC38}.Release|Any CPU.ActiveCfg = Release|Any CPU
		{8506CEDA-22DB-4DA4-9967-686835FBEC38}.Release|Any CPU.Build.0 = Release|Any CPU
		{67D04E5A-ED16-47DC-AA43-D14E325761C8}.Debug|Any CPU.ActiveCfg = Debug|Any CPU
		{67D04E5A-ED16-47DC-AA43-D14E325761C8}.Debug|Any CPU.Build.0 = Debug|Any CPU
		{67D04E5A-ED16-47DC-AA43-D14E325761C8}.Release|Any CPU.ActiveCfg = Release|Any CPU
		{67D04E5A-ED16-47DC-AA43-D14E325761C8}.Release|Any CPU.Build.0 = Release|Any CPU
	EndGlobalSection
	GlobalSection(SolutionProperties) = preSolution
		HideSolutionNode = FALSE
	EndGlobalSection
	GlobalSection(ExtensibilityGlobals) = postSolution
		SolutionGuid = {98D5090A-E317-4F63-9435-3EE66FDF80CA}
	EndGlobalSection
EndGlobal
